
Microsoft Visual Studio Solution File, Format Version 12.00
# Visual Studio Version 17
VisualStudioVersion = 17.0.31919.166
MinimumVisualStudioVersion = 10.0.40219.1
Project("{FAE04EC0-301F-11D3-BF4B-00C04F79EFBC}") = "AzureBlobProject", "WebApplication2\AzureBlobProject.csproj", "{055D1ABC-917E-4D41-8317-19EEF2D3AC5F}"
EndProject
Global
	GlobalSection(SolutionConfigurationPlatforms) = preSolution
		Debug|Any CPU = Debug|Any CPU
		Release|Any CPU = Release|Any CPU
	EndGlobalSection
	GlobalSection(ProjectConfigurationPlatforms) = postSolution
		{055D1ABC-917E-4D41-8317-19EEF2D3AC5F}.Debug|Any CPU.ActiveCfg = Debug|Any CPU
		{055D1ABC-917E-4D41-8317-19EEF2D3AC5F}.Debug|Any CPU.Build.0 = Debug|Any CPU
		{055D1ABC-917E-4D41-8317-19EEF2D3AC5F}.Release|Any CPU.ActiveCfg = Release|Any CPU
		{055D1ABC-917E-4D41-8317-19EEF2D3AC5F}.Release|Any CPU.Build.0 = Release|Any CPU
	EndGlobalSection
	GlobalSection(SolutionProperties) = preSolution
		HideSolutionNode = FALSE
	EndGlobalSection
	GlobalSection(ExtensibilityGlobals) = postSolution
		SolutionGuid = {7D14B42B-2CD4-45D4-9469-C176A097A5D3}
	EndGlobalSection
EndGlobal
